// !$*UTF8*$!
{
	archiveVersion = 1;
	classes = {
	};
	objectVersion = 77;
	objects = {

/* Begin PBXContainerItemProxy section */
		15FFDC642EEC726F00A220E0 /* PBXContainerItemProxy */ = {
			isa = PBXContainerItemProxy;
			containerPortal = 15FFDC4C2EEC726E00A220E0 /* Project object */;
			proxyType = 1;
			remoteGlobalIDString = 15FFDC532EEC726E00A220E0;
			remoteInfo = LibertyBrowser;
		};
		15FFDC6E2EEC726F00A220E0 /* PBXContainerItemProxy */ = {
			isa = PBXContainerItemProxy;
			containerPortal = 15FFDC4C2EEC726E00A220E0 /* Project object */;
			proxyType = 1;
			remoteGlobalIDString = 15FFDC532EEC726E00A220E0;
			remoteInfo = LibertyBrowser;
		};
/* End PBXContainerItemProxy section */

/* Begin PBXFileReference section */
		15FFDC542EEC726E00A220E0 /* LibertyBrowser.app */ = {isa = PBXFileReference; explicitFileType = wrapper.application; includeInIndex = 0; path = LibertyBrowser.app; sourceTree = BUILT_PRODUCTS_DIR; };
		15FFDC632EEC726F00A220E0 /* LibertyBrowserTests.xctest */ = {isa = PBXFileReference; explicitFileType = wrapper.cfbundle; includeInIndex = 0; path = LibertyBrowserTests.xctest; sourceTree = BUILT_PRODUCTS_DIR; };
		15FFDC6D2EEC726F00A220E0 /* LibertyBrowserUITests.xctest */ = {isa = PBXFileReference; explicitFileType = wrapper.cfbundle; includeInIndex = 0; path = LibertyBrowserUITests.xctest; sourceTree = BUILT_PRODUCTS_DIR; };
/* End PBXFileReference section */

/* Begin PBXFileSystemSynchronizedRootGroup section */
		15FFDC562EEC726E00A220E0 /* LibertyBrowser */ = {
			isa = PBXFileSystemSynchronizedRootGroup;
			path = LibertyBrowser;
			sourceTree = "<group>";
		};
		15FFDC662EEC726F00A220E0 /* LibertyBrowserTests */ = {
			isa = PBXFileSystemSynchronizedRootGroup;
			path = LibertyBrowserTests;
			sourceTree = "<group>";
		};
		15FFDC702EEC726F00A220E0 /* LibertyBrowserUITests */ = {
			isa = PBXFileSystemSynchronizedRootGroup;
			path = LibertyBrowserUITests;
			sourceTree = "<group>";
		};
/* End PBXFileSystemSynchronizedRootGroup section */

/* Begin PBXFrameworksBuildPhase section */
		15FFDC512EEC726E00A220E0 /* Frameworks */ = {
			isa = PBXFrameworksBuildPhase;
			buildActionMask = 2147483647;
			files = (
			);
			runOnlyForDeploymentPostprocessing = 0;
		};
		15FFDC602EEC726F00A220E0 /* Frameworks */ = {
			isa = PBXFrameworksBuildPhase;
			buildActionMask = 2147483647;
			files = (
			);
			runOnlyForDeploymentPostprocessing = 0;
		};
		15FFDC6A2EEC726F00A220E0 /* Frameworks */ = {
			isa = PBXFrameworksBuildPhase;
			buildActionMask = 2147483647;
			files = (
			);
			runOnlyForDeploymentPostprocessing = 0;
		};
/* End PBXFrameworksBuildPhase section */

/* Begin PBXGroup section */
		15FFDC4B2EEC726E00A220E0 = {
			isa = PBXGroup;
			children = (
				15FFDC562EEC726E00A220E0 /* LibertyBrowser */,
				15FFDC662EEC726F00A220E0 /* LibertyBrowserTests */,
				15FFDC702EEC726F00A220E0 /* LibertyBrowserUITests */,
				15FFDC552EEC726E00A220E0 /* Products */,
			);
			sourceTree = "<group>";
		};
		15FFDC552EEC726E00A220E0 /* Products */ = {
			isa = PBXGroup;
			children = (
				15FFDC542EEC726E00A220E0 /* LibertyBrowser.app */,
				15FFDC632EEC726F00A220E0 /* LibertyBrowserTests.xctest */,
				15FFDC6D2EEC726F00A220E0 /* LibertyBrowserUITests.xctest */,
			);
			name = Products;
			sourceTree = "<group>";
		};
/* End PBXGroup section */

/* Begin PBXNativeTarget section */
		15FFDC532EEC726E00A220E0 /* LibertyBrowser */ = {
			isa = PBXNativeTarget;
			buildConfigurationList = 15FFDC772EEC726F00A220E0 /* Build configuration list for PBXNativeTarget "LibertyBrowser" */;
			buildPhases = (
				15FFDC502EEC726E00A220E0 /* Sources */,
				15FFDC512EEC726E00A220E0 /* Frameworks */,
				15FFDC522EEC726E00A220E0 /* Resources */,
			);
			buildRules = (
			);
			dependencies = (
			);
			fileSystemSynchronizedGroups = (
				15FFDC562EEC726E00A220E0 /* LibertyBrowser */,
			);
			name = LibertyBrowser;
			packageProductDependencies = (
			);
			productName = LibertyBrowser;
			productReference = 15FFDC542EEC726E00A220E0 /* LibertyBrowser.app */;
			productType = "com.apple.product-type.application";
		};
		15FFDC622EEC726F00A220E0 /* LibertyBrowserTests */ = {
			isa = PBXNativeTarget;
			buildConfigurationList = 15FFDC7A2EEC726F00A220E0 /* Build configuration list for PBXNativeTarget "LibertyBrowserTests" */;
			buildPhases = (
				15FFDC5F2EEC726F00A220E0 /* Sources */,
				15FFDC602EEC726F00A220E0 /* Frameworks */,
				15FFDC612EEC726F00A220E0 /* Resources */,
			);
			buildRules = (
			);
			dependencies = (
				15FFDC652EEC726F00A220E0 /* PBXTargetDependency */,
			);
			fileSystemSynchronizedGroups = (
				15FFDC662EEC726F00A220E0 /* LibertyBrowserTests */,
			);
			name = LibertyBrowserTests;
			packageProductDependencies = (
			);
			productName = LibertyBrowserTests;
			productReference = 15FFDC632EEC726F00A220E0 /* LibertyBrowserTests.xctest */;
			productType = "com.apple.product-type.bundle.unit-test";
		};
		15FFDC6C2EEC726F00A220E0 /* LibertyBrowserUITests */ = {
			isa = PBXNativeTarget;
			buildConfigurationList = 15FFDC7D2EEC726F00A220E0 /* Build configuration list for PBXNativeTarget "LibertyBrowserUITests" */;
			buildPhases = (
				15FFDC692EEC726F00A220E0 /* Sources */,
				15FFDC6A2EEC726F00A220E0 /* Frameworks */,
				15FFDC6B2EEC726F00A220E0 /* Resources */,
			);
			buildRules = (
			);
			dependencies = (
				15FFDC6F2EEC726F00A220E0 /* PBXTargetDependency */,
			);
			fileSystemSynchronizedGroups = (
				15FFDC702EEC726F00A220E0 /* LibertyBrowserUITests */,
			);
			name = LibertyBrowserUITests;
			packageProductDependencies = (
			);
			productName = LibertyBrowserUITests;
			productReference = 15FFDC6D2EEC726F00A220E0 /* LibertyBrowserUITests.xctest */;
			productType = "com.apple.product-type.bundle.ui-testing";
		};
/* End PBXNativeTarget section */

/* Begin PBXProject section */
		15FFDC4C2EEC726E00A220E0 /* Project object */ = {
			isa = PBXProject;
			attributes = {
				BuildIndependentTargetsInParallel = 1;
				LastSwiftUpdateCheck = 2610;
				LastUpgradeCheck = 2610;
				TargetAttributes = {
					15FFDC532EEC726E00A220E0 = {
						CreatedOnToolsVersion = 26.1.1;
					};
					15FFDC622EEC726F00A220E0 = {
						CreatedOnToolsVersion = 26.1.1;
						TestTargetID = 15FFDC532EEC726E00A220E0;
					};
					15FFDC6C2EEC726F00A220E0 = {
						CreatedOnToolsVersion = 26.1.1;
						TestTargetID = 15FFDC532EEC726E00A220E0;
					};
				};
			};
			buildConfigurationList = 15FFDC4F2EEC726E00A220E0 /* Build configuration list for PBXProject "LibertyBrowser" */;
			developmentRegion = en;
			hasScannedForEncodings = 0;
			knownRegions = (
				en,
				Base,
			);
			mainGroup = 15FFDC4B2EEC726E00A220E0;
			minimizedProjectReferenceProxies = 1;
			preferredProjectObjectVersion = 77;
			productRefGroup = 15FFDC552EEC726E00A220E0 /* Products */;
			projectDirPath = "";
			projectRoot = "";
			targets = (
				15FFDC532EEC726E00A220E0 /* LibertyBrowser */,
				15FFDC622EEC726F00A220E0 /* LibertyBrowserTests */,
				15FFDC6C2EEC726F00A220E0 /* LibertyBrowserUITests */,
			);
		};
/* End PBXProject section */

/* Begin PBXResourcesBuildPhase section */
		15FFDC522EEC726E00A220E0 /* Resources */ = {
			isa = PBXResourcesBuildPhase;
			buildActionMask = 2147483647;
			files = (
			);
			runOnlyForDeploymentPostprocessing = 0;
		};
		15FFDC612EEC726F00A220E0 /* Resources */ = {
			isa = PBXResourcesBuildPhase;
			buildActionMask = 2147483647;
			files = (
			);
			runOnlyForDeploymentPostprocessing = 0;
		};
		15FFDC6B2EEC726F00A220E0 /* Resources */ = {
			isa = PBXResourcesBuildPhase;
			buildActionMask = 2147483647;
			files = (
			);
			runOnlyForDeploymentPostprocessing = 0;
		};
/* End PBXResourcesBuildPhase section */

/* Begin PBXSourcesBuildPhase section */
		15FFDC502EEC726E00A220E0 /* Sources */ = {
			isa = PBXSourcesBuildPhase;
			buildActionMask = 2147483647;
			files = (
			);
			runOnlyForDeploymentPostprocessing = 0;
		};
		15FFDC5F2EEC726F00A220E0 /* Sources */ = {
			isa = PBXSourcesBuildPhase;
			buildActionMask = 2147483647;
			files = (
			);
			runOnlyForDeploymentPostprocessing = 0;
		};
		15FFDC692EEC726F00A220E0 /* Sources */ = {
			isa = PBXSourcesBuildPhase;
			buildActionMask = 2147483647;
			files = (
			);
			runOnlyForDeploymentPostprocessing = 0;
		};
/* End PBXSourcesBuildPhase section */

/* Begin PBXTargetDependency section */
		15FFDC652EEC726F00A220E0 /* PBXTargetDependency */ = {
			isa = PBXTargetDependency;
			target = 15FFDC532EEC726E00A220E0 /* LibertyBrowser */;
			targetProxy = 15FFDC642EEC726F00A220E0 /* PBXContainerItemProxy */;
		};
		15FFDC6F2EEC726F00A220E0 /* PBXTargetDependency */ = {
			isa = PBXTargetDependency;
			target = 15FFDC532EEC726E00A220E0 /* LibertyBrowser */;
			targetProxy = 15FFDC6E2EEC726F00A220E0 /* PBXContainerItemProxy */;
		};
/* End PBXTargetDependency section */

/* Begin XCBuildConfiguration section */
		15FFDC752EEC726F00A220E0 /* Debug */ = {
			isa = XCBuildConfiguration;
			buildSettings = {
				ALWAYS_SEARCH_USER_PATHS = NO;
				ASSETCATALOG_COMPILER_GENERATE_SWIFT_ASSET_SYMBOL_EXTENSIONS = YES;
				CLANG_ANALYZER_NONNULL = YES;
				CLANG_ANALYZER_NUMBER_OBJECT_CONVERSION = YES_AGGRESSIVE;
				CLANG_CXX_LANGUAGE_STANDARD = "gnu++20";
				CLANG_ENABLE_MODULES = YES;
				CLANG_ENABLE_OBJC_ARC = YES;
				CLANG_ENABLE_OBJC_WEAK = YES;
				CLANG_WARN_BLOCK_CAPTURE_AUTORELEASING = YES;
				CLANG_WARN_BOOL_CONVERSION = YES;
				CLANG_WARN_COMMA = YES;
				CLANG_WARN_CONSTANT_CONVERSION = YES;
				CLANG_WARN_DEPRECATED_OBJC_IMPLEMENTATIONS = YES;
				CLANG_WARN_DIRECT_OBJC_ISA_USAGE = YES_ERROR;
				CLANG_WARN_DOCUMENTATION_COMMENTS = YES;
				CLANG_WARN_EMPTY_BODY = YES;
				CLANG_WARN_ENUM_CONVERSION = YES;
				CLANG_WARN_INFINITE_RECURSION = YES;
				CLANG_WARN_INT_CONVERSION = YES;
				CLANG_WARN_NON_LITERAL_NULL_CONVERSION = YES;
				CLANG_WARN_OBJC_IMPLICIT_RETAIN_SELF = YES;
				CLANG_WARN_OBJC_LITERAL_CONVERSION = YES;
				CLANG_WARN_OBJC_ROOT_CLASS = YES_ERROR;
				CLANG_WARN_QUOTED_INCLUDE_IN_FRAMEWORK_HEADER = YES;
				CLANG_WARN_RANGE_LOOP_ANALYSIS = YES;
				CLANG_WARN_STRICT_PROTOTYPES = YES;
				CLANG_WARN_SUSPICIOUS_MOVE = YES;
				CLANG_WARN_UNGUARDED_AVAILABILITY = YES_AGGRESSIVE;
				CLANG_WARN_UNREACHABLE_CODE = YES;
				CLANG_WARN__DUPLICATE_METHOD_MATCH = YES;
				COPY_PHASE_STRIP = NO;
				DEBUG_INFORMATION_FORMAT = dwarf;
				DEVELOPMENT_TEAM = VPG3WS8A3F;
				ENABLE_STRICT_OBJC_MSGSEND = YES;
				ENABLE_TESTABILITY = YES;
				ENABLE_USER_SCRIPT_SANDBOXING = YES;
				GCC_C_LANGUAGE_STANDARD = gnu17;
				GCC_DYNAMIC_NO_PIC = NO;
				GCC_NO_COMMON_BLOCKS = YES;
				GCC_OPTIMIZATION_LEVEL = 0;
				GCC_PREPROCESSOR_DEFINITIONS = (
					"DEBUG=1",
					"$(inherited)",
				);
				GCC_WARN_64_TO_32_BIT_CONVERSION = YES;
				GCC_WARN_ABOUT_RETURN_TYPE = YES_ERROR;
				GCC_WARN_UNDECLARED_SELECTOR = YES;
				GCC_WARN_UNINITIALIZED_AUTOS = YES_AGGRESSIVE;
				GCC_WARN_UNUSED_FUNCTION = YES;
				GCC_WARN_UNUSED_VARIABLE = YES;
				LOCALIZATION_PREFERS_STRING_CATALOGS = YES;
				MACOSX_DEPLOYMENT_TARGET = 15.7;
				MTL_ENABLE_DEBUG_INFO = INCLUDE_SOURCE;
				MTL_FAST_MATH = YES;
				ONLY_ACTIVE_ARCH = YES;
				SDKROOT = macosx;
				SWIFT_ACTIVE_COMPILATION_CONDITIONS = "DEBUG $(inherited)";
				SWIFT_OPTIMIZATION_LEVEL = "-Onone";
			};
			name = Debug;
		};
		15FFDC762EEC726F00A220E0 /* Release */ = {
			isa = XCBuildConfiguration;
			buildSettings = {
				ALWAYS_SEARCH_USER_PATHS = NO;
				ASSETCATALOG_COMPILER_GENERATE_SWIFT_ASSET_SYMBOL_EXTENSIONS = YES;
				CLANG_ANALYZER_NONNULL = YES;
				CLANG_ANALYZER_NUMBER_OBJECT_CONVERSION = YES_AGGRESSIVE;
				CLANG_CXX_LANGUAGE_STANDARD = "gnu++20";
				CLANG_ENABLE_MODULES = YES;
				CLANG_ENABLE_OBJC_ARC = YES;
				CLANG_ENABLE_OBJC_WEAK = YES;
				CLANG_WARN_BLOCK_CAPTURE_AUTORELEASING = YES;
				CLANG_WARN_BOOL_CONVERSION = YES;
				CLANG_WARN_COMMA = YES;
				CLANG_WARN_CONSTANT_CONVERSION = YES;
				CLANG_WARN_DEPRECATED_OBJC_IMPLEMENTATIONS = YES;
				CLANG_WARN_DIRECT_OBJC_ISA_USAGE = YES_ERROR;
				CLANG_WARN_DOCUMENTATION_COMMENTS = YES;
				CLANG_WARN_EMPTY_BODY = YES;
				CLANG_WARN_ENUM_CONVERSION = YES;
				CLANG_WARN_INFINITE_RECURSION = YES;
				CLANG_WARN_INT_CONVERSION = YES;
				CLANG_WARN_NON_LITERAL_NULL_CONVERSION = YES;
				CLANG_WARN_OBJC_IMPLICIT_RETAIN_SELF = YES;
				CLANG_WARN_OBJC_LITERAL_CONVERSION = YES;
				CLANG_WARN_OBJC_ROOT_CLASS = YES_ERROR;
				CLANG_WARN_QUOTED_INCLUDE_IN_FRAMEWORK_HEADER = YES;
				CLANG_WARN_RANGE_LOOP_ANALYSIS = YES;
				CLANG_WARN_STRICT_PROTOTYPES = YES;
				CLANG_WARN_SUSPICIOUS_MOVE = YES;
				CLANG_WARN_UNGUARDED_AVAILABILITY = YES_AGGRESSIVE;
				CLANG_WARN_UNREACHABLE_CODE = YES;
				CLANG_WARN__DUPLICATE_METHOD_MATCH = YES;
				COPY_PHASE_STRIP = NO;
				DEBUG_INFORMATION_FORMAT = "dwarf-with-dsym";
				DEVELOPMENT_TEAM = VPG3WS8A3F;
				ENABLE_NS_ASSERTIONS = NO;
				ENABLE_STRICT_OBJC_MSGSEND = YES;
				ENABLE_USER_SCRIPT_SANDBOXING = YES;
				GCC_C_LANGUAGE_STANDARD = gnu17;
				GCC_NO_COMMON_BLOCKS = YES;
				GCC_WARN_64_TO_32_BIT_CONVERSION = YES;
				GCC_WARN_ABOUT_RETURN_TYPE = YES_ERROR;
				GCC_WARN_UNDECLARED_SELECTOR = YES;
				GCC_WARN_UNINITIALIZED_AUTOS = YES_AGGRESSIVE;
				GCC_WARN_UNUSED_FUNCTION = YES;
				GCC_WARN_UNUSED_VARIABLE = YES;
				LOCALIZATION_PREFERS_STRING_CATALOGS = YES;
				MACOSX_DEPLOYMENT_TARGET = 15.7;
				MTL_ENABLE_DEBUG_INFO = NO;
				MTL_FAST_MATH = YES;
				SDKROOT = macosx;
				SWIFT_COMPILATION_MODE = wholemodule;
			};
			name = Release;
		};
		15FFDC782EEC726F00A220E0 /* Debug */ = {
			isa = XCBuildConfiguration;
			buildSettings = {
				ASSETCATALOG_COMPILER_APPICON_NAME = AppIcon;
				ASSETCATALOG_COMPILER_GLOBAL_ACCENT_COLOR_NAME = AccentColor;
				CODE_SIGN_STYLE = Automatic;
				COMBINE_HIDPI_IMAGES = YES;
				CURRENT_PROJECT_VERSION = 1;
				DEVELOPMENT_TEAM = VPG3WS8A3F;
				ENABLE_APP_SANDBOX = YES;
				ENABLE_HARDENED_RUNTIME = YES;
				ENABLE_PREVIEWS = YES;
				ENABLE_USER_SELECTED_FILES = readonly;
				GENERATE_INFOPLIST_FILE = YES;
				INFOPLIST_KEY_NSHumanReadableCopyright = "";
				LD_RUNPATH_SEARCH_PATHS = (
					"$(inherited)",
					"@executable_path/../Frameworks",
				);
				MARKETING_VERSION = 1.0;
				PRODUCT_BUNDLE_IDENTIFIER = Liberty.LibertyBrowser;
				PRODUCT_NAME = "$(TARGET_NAME)";
				REGISTER_APP_GROUPS = YES;
				STRING_CATALOG_GENERATE_SYMBOLS = YES;
				SWIFT_APPROACHABLE_CONCURRENCY = YES;
				SWIFT_DEFAULT_ACTOR_ISOLATION = MainActor;
				SWIFT_EMIT_LOC_STRINGS = YES;
				SWIFT_UPCOMING_FEATURE_MEMBER_IMPORT_VISIBILITY = YES;
				SWIFT_VERSION = 5.0;
			};
			name = Debug;
		};
		15FFDC792EEC726F00A220E0 /* Release */ = {
			isa = XCBuildConfiguration;
			buildSettings = {
				ASSETCATALOG_COMPILER_APPICON_NAME = AppIcon;
				ASSETCATALOG_COMPILER_GLOBAL_ACCENT_COLOR_NAME = AccentColor;
				CODE_SIGN_STYLE = Automatic;
				COMBINE_HIDPI_IMAGES = YES;
				CURRENT_PROJECT_VERSION = 1;
				DEVELOPMENT_TEAM = VPG3WS8A3F;
				ENABLE_APP_SANDBOX = YES;
				ENABLE_HARDENED_RUNTIME = YES;
				ENABLE_PREVIEWS = YES;
				ENABLE_USER_SELECTED_FILES = readonly;
				GENERATE_INFOPLIST_FILE = YES;
				INFOPLIST_KEY_NSHumanReadableCopyright = "";
				LD_RUNPATH_SEARCH_PATHS = (
					"$(inherited)",
					"@executable_path/../Frameworks",
				);
				MARKETING_VERSION = 1.0;
				PRODUCT_BUNDLE_IDENTIFIER = Liberty.LibertyBrowser;
				PRODUCT_NAME = "$(TARGET_NAME)";
				REGISTER_APP_GROUPS = YES;
				STRING_CATALOG_GENERATE_SYMBOLS = YES;
				SWIFT_APPROACHABLE_CONCURRENCY = YES;
				SWIFT_DEFAULT_ACTOR_ISOLATION = MainActor;
				SWIFT_EMIT_LOC_STRINGS = YES;
				SWIFT_UPCOMING_FEATURE_MEMBER_IMPORT_VISIBILITY = YES;
				SWIFT_VERSION = 5.0;
			};
			name = Release;
		};
		15FFDC7B2EEC726F00A220E0 /* Debug */ = {
			isa = XCBuildConfiguration;
			buildSettings = {
				BUNDLE_LOADER = "$(TEST_HOST)";
				CODE_SIGN_STYLE = Automatic;
				CURRENT_PROJECT_VERSION = 1;
				DEVELOPMENT_TEAM = VPG3WS8A3F;
				GENERATE_INFOPLIST_FILE = YES;
				MACOSX_DEPLOYMENT_TARGET = 15.7;
				MARKETING_VERSION = 1.0;
				PRODUCT_BUNDLE_IDENTIFIER = Liberty.LibertyBrowserTests;
				PRODUCT_NAME = "$(TARGET_NAME)";
				STRING_CATALOG_GENERATE_SYMBOLS = NO;
				SWIFT_APPROACHABLE_CONCURRENCY = YES;
				SWIFT_EMIT_LOC_STRINGS = NO;
				SWIFT_UPCOMING_FEATURE_MEMBER_IMPORT_VISIBILITY = YES;
				SWIFT_VERSION = 5.0;
				TEST_HOST = "$(BUILT_PRODUCTS_DIR)/LibertyBrowser.app/$(BUNDLE_EXECUTABLE_FOLDER_PATH)/LibertyBrowser";
			};
			name = Debug;
		};
		15FFDC7C2EEC726F00A220E0 /* Release */ = {
			isa = XCBuildConfiguration;
			buildSettings = {
				BUNDLE_LOADER = "$(TEST_HOST)";
				CODE_SIGN_STYLE = Automatic;
				CURRENT_PROJECT_VERSION = 1;
				DEVELOPMENT_TEAM = VPG3WS8A3F;
				GENERATE_INFOPLIST_FILE = YES;
				MACOSX_DEPLOYMENT_TARGET = 15.7;
				MARKETING_VERSION = 1.0;
				PRODUCT_BUNDLE_IDENTIFIER = Liberty.LibertyBrowserTests;
				PRODUCT_NAME = "$(TARGET_NAME)";
				STRING_CATALOG_GENERATE_SYMBOLS = NO;
				SWIFT_APPROACHABLE_CONCURRENCY = YES;
				SWIFT_EMIT_LOC_STRINGS = NO;
				SWIFT_UPCOMING_FEATURE_MEMBER_IMPORT_VISIBILITY = YES;
				SWIFT_VERSION = 5.0;
				TEST_HOST = "$(BUILT_PRODUCTS_DIR)/LibertyBrowser.app/$(BUNDLE_EXECUTABLE_FOLDER_PATH)/LibertyBrowser";
			};
			name = Release;
		};
		15FFDC7E2EEC726F00A220E0 /* Debug */ = {
			isa = XCBuildConfiguration;
			buildSettings = {
				CODE_SIGN_STYLE = Automatic;
				CURRENT_PROJECT_VERSION = 1;
				DEVELOPMENT_TEAM = VPG3WS8A3F;
				GENERATE_INFOPLIST_FILE = YES;
				MARKETING_VERSION = 1.0;
				PRODUCT_BUNDLE_IDENTIFIER = Liberty.LibertyBrowserUITests;
				PRODUCT_NAME = "$(TARGET_NAME)";
				STRING_CATALOG_GENERATE_SYMBOLS = NO;
				SWIFT_APPROACHABLE_CONCURRENCY = YES;
				SWIFT_EMIT_LOC_STRINGS = NO;
				SWIFT_UPCOMING_FEATURE_MEMBER_IMPORT_VISIBILITY = YES;
				SWIFT_VERSION = 5.0;
				TEST_TARGET_NAME = LibertyBrowser;
			};
			name = Debug;
		};
		15FFDC7F2EEC726F00A220E0 /* Release */ = {
			isa = XCBuildConfiguration;
			buildSettings = {
				CODE_SIGN_STYLE = Automatic;
				CURRENT_PROJECT_VERSION = 1;
				DEVELOPMENT_TEAM = VPG3WS8A3F;
				GENERATE_INFOPLIST_FILE = YES;
				MARKETING_VERSION = 1.0;
				PRODUCT_BUNDLE_IDENTIFIER = Liberty.LibertyBrowserUITests;
				PRODUCT_NAME = "$(TARGET_NAME)";
				STRING_CATALOG_GENERATE_SYMBOLS = NO;
				SWIFT_APPROACHABLE_CONCURRENCY = YES;
				SWIFT_EMIT_LOC_STRINGS = NO;
				SWIFT_UPCOMING_FEATURE_MEMBER_IMPORT_VISIBILITY = YES;
				SWIFT_VERSION = 5.0;
				TEST_TARGET_NAME = LibertyBrowser;
			};
			name = Release;
		};
/* End XCBuildConfiguration section */

/* Begin XCConfigurationList section */
		15FFDC4F2EEC726E00A220E0 /* Build configuration list for PBXProject "LibertyBrowser" */ = {
			isa = XCConfigurationList;
			buildConfigurations = (
				15FFDC752EEC726F00A220E0 /* Debug */,
				15FFDC762EEC726F00A220E0 /* Release */,
			);
			defaultConfigurationIsVisible = 0;
			defaultConfigurationName = Release;
		};
		15FFDC772EEC726F00A220E0 /* Build configuration list for PBXNativeTarget "LibertyBrowser" */ = {
			isa = XCConfigurationList;
			buildConfigurations = (
				15FFDC782EEC726F00A220E0 /* Debug */,
				15FFDC792EEC726F00A220E0 /* Release */,
			);
			defaultConfigurationIsVisible = 0;
			defaultConfigurationName = Release;
		};
		15FFDC7A2EEC726F00A220E0 /* Build configuration list for PBXNativeTarget "LibertyBrowserTests" */ = {
			isa = XCConfigurationList;
			buildConfigurations = (
				15FFDC7B2EEC726F00A220E0 /* Debug */,
				15FFDC7C2EEC726F00A220E0 /* Release */,
			);
			defaultConfigurationIsVisible = 0;
			defaultConfigurationName = Release;
		};
		15FFDC7D2EEC726F00A220E0 /* Build configuration list for PBXNativeTarget "LibertyBrowserUITests" */ = {
			isa = XCConfigurationList;
			buildConfigurations = (
				15FFDC7E2EEC726F00A220E0 /* Debug */,
				15FFDC7F2EEC726F00A220E0 /* Release */,
			);
			defaultConfigurationIsVisible = 0;
			defaultConfigurationName = Release;
		};
/* End XCConfigurationList section */
	};
	rootObject = 15FFDC4C2EEC726E00A220E0 /* Project object */;
}
